
Microsoft Visual Studio Solution File, Format Version 12.00
# Visual Studio Version 17
VisualStudioVersion = 17.14.36616.10
MinimumVisualStudioVersion = 10.0.40219.1
Project("{2150E333-8FDC-42A3-9474-1A3956D46DE8}") = "src", "src", "{02EA681E-C7D8-13C7-8484-4AC65E1B71E8}"
EndProject
Project("{FAE04EC0-301F-11D3-BF4B-00C04F79EFBC}") = "BarcodeRevealTool.ConsoleApp", "src\console-app\BarcodeRevealTool.ConsoleApp.csproj", "{5C0C2249-AFBB-AEF3-7A4A-10F3A287846B}"
EndProject
Project("{FAE04EC0-301F-11D3-BF4B-00C04F79EFBC}") = "Sc2PulseClient", "src\sc2pulse\Sc2PulseClient.csproj", "{6B1020AE-38B3-AC8C-3925-38CF0D15AD16}"
EndProject
Project("{FAE04EC0-301F-11D3-BF4B-00C04F79EFBC}") = "BarcodeRevealTool.Engine", "src\engine\BarcodeRevealTool.Engine.csproj", "{21B9241E-CD04-8716-2DDC-48E2837D9056}"
EndProject
Project("{FAE04EC0-301F-11D3-BF4B-00C04F79EFBC}") = "BarcodeRevealTool.Persistence", "src\persistence\BarcodeRevealTool.Persistence.csproj", "{32CB94B6-3019-2F25-0CD9-00A9AF6F70D7}"
EndProject
Global
	GlobalSection(SolutionConfigurationPlatforms) = preSolution
		Debug|Any CPU = Debug|Any CPU
		Release|Any CPU = Release|Any CPU
	EndGlobalSection
	GlobalSection(ProjectConfigurationPlatforms) = postSolution
		{5C0C2249-AFBB-AEF3-7A4A-10F3A287846B}.Debug|Any CPU.ActiveCfg = Debug|Any CPU
		{5C0C2249-AFBB-AEF3-7A4A-10F3A287846B}.Debug|Any CPU.Build.0 = Debug|Any CPU
		{5C0C2249-AFBB-AEF3-7A4A-10F3A287846B}.Release|Any CPU.ActiveCfg = Release|Any CPU
		{5C0C2249-AFBB-AEF3-7A4A-10F3A287846B}.Release|Any CPU.Build.0 = Release|Any CPU
		{6B1020AE-38B3-AC8C-3925-38CF0D15AD16}.Debug|Any CPU.ActiveCfg = Debug|Any CPU
		{6B1020AE-38B3-AC8C-3925-38CF0D15AD16}.Debug|Any CPU.Build.0 = Debug|Any CPU
		{6B1020AE-38B3-AC8C-3925-38CF0D15AD16}.Release|Any CPU.ActiveCfg = Release|Any CPU
		{6B1020AE-38B3-AC8C-3925-38CF0D15AD16}.Release|Any CPU.Build.0 = Release|Any CPU
		{21B9241E-CD04-8716-2DDC-48E2837D9056}.Debug|Any CPU.ActiveCfg = Debug|Any CPU
		{21B9241E-CD04-8716-2DDC-48E2837D9056}.Debug|Any CPU.Build.0 = Debug|Any CPU
		{21B9241E-CD04-8716-2DDC-48E2837D9056}.Release|Any CPU.ActiveCfg = Release|Any CPU
		{21B9241E-CD04-8716-2DDC-48E2837D9056}.Release|Any CPU.Build.0 = Release|Any CPU
		{32CB94B6-3019-2F25-0CD9-00A9AF6F70D7}.Debug|Any CPU.ActiveCfg = Debug|Any CPU
		{32CB94B6-3019-2F25-0CD9-00A9AF6F70D7}.Debug|Any CPU.Build.0 = Debug|Any CPU
		{32CB94B6-3019-2F25-0CD9-00A9AF6F70D7}.Release|Any CPU.ActiveCfg = Release|Any CPU
		{32CB94B6-3019-2F25-0CD9-00A9AF6F70D7}.Release|Any CPU.Build.0 = Release|Any CPU
	EndGlobalSection
	GlobalSection(SolutionProperties) = preSolution
		HideSolutionNode = FALSE
	EndGlobalSection
	GlobalSection(NestedProjects) = preSolution
		{5C0C2249-AFBB-AEF3-7A4A-10F3A287846B} = {02EA681E-C7D8-13C7-8484-4AC65E1B71E8}
		{6B1020AE-38B3-AC8C-3925-38CF0D15AD16} = {02EA681E-C7D8-13C7-8484-4AC65E1B71E8}
		{21B9241E-CD04-8716-2DDC-48E2837D9056} = {02EA681E-C7D8-13C7-8484-4AC65E1B71E8}
		{32CB94B6-3019-2F25-0CD9-00A9AF6F70D7} = {02EA681E-C7D8-13C7-8484-4AC65E1B71E8}
	EndGlobalSection
	GlobalSection(ExtensibilityGlobals) = postSolution
		SolutionGuid = {FE376090-ED85-46B4-A499-FB60F95548DD}
	EndGlobalSection
EndGlobal
